{
  "name": "pg-schema-gen",
  "version": "0.0.11",
  "lockfileVersion": 3,
  "requires": true,
  "packages": {
    "": {
      "name": "pg-schema-gen",
      "version": "0.0.11",
      "license": "ISC",
      "dependencies": {
        "pgsql-parser": "^17.8.2"
      },
      "bin": {
        "pg-schema-gen": "src/pg-schema-gen.js"
      },
      "devDependencies": {
        "@types/node": "^24.9.1",
        "zod": "*"
      }
    },
    "node_modules/@pgsql/types": {
      "version": "17.6.1",
      "resolved": "https://registry.npmjs.org/@pgsql/types/-/types-17.6.1.tgz",
      "integrity": "sha512-Hk51+nyOxS7Dy5oySWywyNZxo5HndX1VDXT4ZEBD+p+vvMFM2Vc+sKSuByCiI8banou4edbgdnOC251IOuq7QQ==",
      "license": "SEE LICENSE IN LICENSE"
    },
    "node_modules/@types/node": {
      "version": "24.9.1",
      "resolved": "https://registry.npmjs.org/@types/node/-/node-24.9.1.tgz",
      "integrity": "sha512-QoiaXANRkSXK6p0Duvt56W208du4P9Uye9hWLWgGMDTEoKPhuenzNcC4vGUmrNkiOKTlIrBoyNQYNpSwfEZXSg==",
      "dev": true,
      "license": "MIT",
      "dependencies": {
        "undici-types": "~7.16.0"
      }
    },
    "node_modules/libpg-query": {
      "version": "17.6.0",
      "resolved": "https://registry.npmjs.org/libpg-query/-/libpg-query-17.6.0.tgz",
      "integrity": "sha512-r4zOTcLTGYS5PlLQAicJ6Yi/tvZFag42YUuNEO8pi8bwt/ZZ4kj514J4QV5bOx0mZzPLF6agbfNXQVxGgmHR8g==",
      "license": "LICENSE IN LICENSE",
      "dependencies": {
        "@pgsql/types": "^17.6.0"
      }
    },
    "node_modules/pgsql-deparser": {
      "version": "17.11.1",
      "resolved": "https://registry.npmjs.org/pgsql-deparser/-/pgsql-deparser-17.11.1.tgz",
      "integrity": "sha512-BGKgwC4qs+FPcG8Ai989LO6i4E8KF5HEvlTnI8uhS4qUyu6P1xCyP9pJDky95ZL8DolaGUDFAJtxteDBw33OCg==",
      "license": "SEE LICENSE IN LICENSE",
      "dependencies": {
        "@pgsql/types": "^17.6.1"
      }
    },
    "node_modules/pgsql-parser": {
      "version": "17.8.2",
      "resolved": "https://registry.npmjs.org/pgsql-parser/-/pgsql-parser-17.8.2.tgz",
      "integrity": "sha512-/uHZL7mq3Bj23v/nDShb8gN8LwUKdejFii6IFBxRYRXxWlRrbsdky1KtevIxiVGasWZfI+E5t1//Wq+D3cVmAg==",
      "license": "MIT",
      "dependencies": {
        "@pgsql/types": "17.6.1",
        "libpg-query": "17.6.0",
        "pgsql-deparser": "17.11.1"
      }
    },
    "node_modules/undici-types": {
      "version": "7.16.0",
      "resolved": "https://registry.npmjs.org/undici-types/-/undici-types-7.16.0.tgz",
      "integrity": "sha512-Zz+aZWSj8LE6zoxD+xrjh4VfkIG8Ya6LvYkZqtUQGJPZjYl53ypCaUwWqo7eI0x66KBGeRo+mlBEkMSeSZ38Nw==",
      "dev": true,
      "license": "MIT"
    },
    "node_modules/zod": {
      "version": "4.1.12",
      "resolved": "https://registry.npmjs.org/zod/-/zod-4.1.12.tgz",
      "integrity": "sha512-JInaHOamG8pt5+Ey8kGmdcAcg3OL9reK8ltczgHTAwNhMys/6ThXHityHxVV2p3fkw/c+MAvBHFVYHFZDmjMCQ==",
      "dev": true,
      "license": "MIT",
      "funding": {
        "url": "https://github.com/sponsors/colinhacks"
      }
    }
  }
}
